
Microsoft Visual Studio Solution File, Format Version 12.00
# Visual Studio Version 17
VisualStudioVersion = 17.14.36221.1 d17.14
MinimumVisualStudioVersion = 10.0.40219.1
Project("{FAE04EC0-301F-11D3-BF4B-00C04F79EFBC}") = "lab03", "lab03\lab03.csproj", "{15910612-470D-4911-8883-DF30BC8849B8}"
EndProject
Global
	GlobalSection(SolutionConfigurationPlatforms) = preSolution
		Debug|Any CPU = Debug|Any CPU
		Release|Any CPU = Release|Any CPU
	EndGlobalSection
	GlobalSection(ProjectConfigurationPlatforms) = postSolution
		{15910612-470D-4911-8883-DF30BC8849B8}.Debug|Any CPU.ActiveCfg = Debug|Any CPU
		{15910612-470D-4911-8883-DF30BC8849B8}.Debug|Any CPU.Build.0 = Debug|Any CPU
		{15910612-470D-4911-8883-DF30BC8849B8}.Release|Any CPU.ActiveCfg = Release|Any CPU
		{15910612-470D-4911-8883-DF30BC8849B8}.Release|Any CPU.Build.0 = Release|Any CPU
	EndGlobalSection
	GlobalSection(SolutionProperties) = preSolution
		HideSolutionNode = FALSE
	EndGlobalSection
	GlobalSection(ExtensibilityGlobals) = postSolution
		SolutionGuid = {E41A322D-9A5A-4B20-90F6-138E89B5D79D}
	EndGlobalSection
EndGlobal
